
Microsoft Visual Studio Solution File, Format Version 12.00
# Visual Studio Version 17
VisualStudioVersion = 17.9.34728.123
MinimumVisualStudioVersion = 10.0.40219.1
Project("{FAE04EC0-301F-11D3-BF4B-00C04F79EFBC}") = "BasicMinimalApi", "BasicMinimalApi\BasicMinimalApi.csproj", "{FEEF4116-FF9D-4DC4-97A8-123D11AB267F}"
EndProject
Global
	GlobalSection(SolutionConfigurationPlatforms) = preSolution
		Debug|Any CPU = Debug|Any CPU
		Release|Any CPU = Release|Any CPU
	EndGlobalSection
	GlobalSection(ProjectConfigurationPlatforms) = postSolution
		{FEEF4116-FF9D-4DC4-97A8-123D11AB267F}.Debug|Any CPU.ActiveCfg = Debug|Any CPU
		{FEEF4116-FF9D-4DC4-97A8-123D11AB267F}.Debug|Any CPU.Build.0 = Debug|Any CPU
		{FEEF4116-FF9D-4DC4-97A8-123D11AB267F}.Release|Any CPU.ActiveCfg = Release|Any CPU
		{FEEF4116-FF9D-4DC4-97A8-123D11AB267F}.Release|Any CPU.Build.0 = Release|Any CPU
	EndGlobalSection
	GlobalSection(SolutionProperties) = preSolution
		HideSolutionNode = FALSE
	EndGlobalSection
	GlobalSection(ExtensibilityGlobals) = postSolution
		SolutionGuid = {03E650A5-3E78-40AC-8AED-696D238E4F26}
	EndGlobalSection
EndGlobal
